
Microsoft Visual Studio Solution File, Format Version 12.00
# Visual Studio Version 17
VisualStudioVersion = 17.9.34714.143
MinimumVisualStudioVersion = 10.0.40219.1
Project("{9A19103F-16F7-4668-BE54-9A1E7A4F7556}") = "LolMatchFilterNew.Domain", "LolMatchFilterNew.Domain\LolMatchFilterNew.Domain.csproj", "{CBA92F1A-D698-477B-A9D1-7F40B7A48126}"
EndProject
Project("{9A19103F-16F7-4668-BE54-9A1E7A4F7556}") = "LolMatchFilterNew.Infrastructure", "LolMatchFilterNew.Infrastructure\LolMatchFilterNew.Infrastructure.csproj", "{7B910FFB-A388-41D3-8DFE-18E3818580A3}"
EndProject
Project("{9A19103F-16F7-4668-BE54-9A1E7A4F7556}") = "LolMatchFilterNew.Application", "LolMatchFilterNew.Application\LolMatchFilterNew.Application.csproj", "{5090885F-DA71-4050-A43D-07A81CD07F89}"
EndProject
Project("{2150E333-8FDC-42A3-9474-1A3956D46DE8}") = "Solution Items", "Solution Items", "{47186490-1098-457E-A27F-ADB9A6923F33}"
EndProject
Project("{9A19103F-16F7-4668-BE54-9A1E7A4F7556}") = "LolMatchFilterNew.Presentation", "LolMatchFilterNew.Presentation\LolMatchFilterNew.Presentation.csproj", "{E6F399F1-D96F-4794-934E-C2853D4251AF}"
EndProject
Project("{FAE04EC0-301F-11D3-BF4B-00C04F79EFBC}") = "Tests", "Tests\Tests.csproj", "{C926C0B6-202D-42C2-A5D0-9BE0B7A59C59}"
EndProject
Global
	GlobalSection(SolutionConfigurationPlatforms) = preSolution
		Debug|Any CPU = Debug|Any CPU
		Release|Any CPU = Release|Any CPU
	EndGlobalSection
	GlobalSection(ProjectConfigurationPlatforms) = postSolution
		{CBA92F1A-D698-477B-A9D1-7F40B7A48126}.Debug|Any CPU.ActiveCfg = Debug|Any CPU
		{CBA92F1A-D698-477B-A9D1-7F40B7A48126}.Debug|Any CPU.Build.0 = Debug|Any CPU
		{CBA92F1A-D698-477B-A9D1-7F40B7A48126}.Release|Any CPU.ActiveCfg = Release|Any CPU
		{CBA92F1A-D698-477B-A9D1-7F40B7A48126}.Release|Any CPU.Build.0 = Release|Any CPU
		{7B910FFB-A388-41D3-8DFE-18E3818580A3}.Debug|Any CPU.ActiveCfg = Debug|Any CPU
		{7B910FFB-A388-41D3-8DFE-18E3818580A3}.Debug|Any CPU.Build.0 = Debug|Any CPU
		{7B910FFB-A388-41D3-8DFE-18E3818580A3}.Release|Any CPU.ActiveCfg = Release|Any CPU
		{7B910FFB-A388-41D3-8DFE-18E3818580A3}.Release|Any CPU.Build.0 = Release|Any CPU
		{5090885F-DA71-4050-A43D-07A81CD07F89}.Debug|Any CPU.ActiveCfg = Debug|Any CPU
		{5090885F-DA71-4050-A43D-07A81CD07F89}.Debug|Any CPU.Build.0 = Debug|Any CPU
		{5090885F-DA71-4050-A43D-07A81CD07F89}.Release|Any CPU.ActiveCfg = Release|Any CPU
		{5090885F-DA71-4050-A43D-07A81CD07F89}.Release|Any CPU.Build.0 = Release|Any CPU
		{E6F399F1-D96F-4794-934E-C2853D4251AF}.Debug|Any CPU.ActiveCfg = Debug|Any CPU
		{E6F399F1-D96F-4794-934E-C2853D4251AF}.Debug|Any CPU.Build.0 = Debug|Any CPU
		{E6F399F1-D96F-4794-934E-C2853D4251AF}.Release|Any CPU.ActiveCfg = Release|Any CPU
		{E6F399F1-D96F-4794-934E-C2853D4251AF}.Release|Any CPU.Build.0 = Release|Any CPU
		{C926C0B6-202D-42C2-A5D0-9BE0B7A59C59}.Debug|Any CPU.ActiveCfg = Debug|Any CPU
		{C926C0B6-202D-42C2-A5D0-9BE0B7A59C59}.Debug|Any CPU.Build.0 = Debug|Any CPU
		{C926C0B6-202D-42C2-A5D0-9BE0B7A59C59}.Release|Any CPU.ActiveCfg = Release|Any CPU
		{C926C0B6-202D-42C2-A5D0-9BE0B7A59C59}.Release|Any CPU.Build.0 = Release|Any CPU
	EndGlobalSection
	GlobalSection(SolutionProperties) = preSolution
		HideSolutionNode = FALSE
	EndGlobalSection
	GlobalSection(ExtensibilityGlobals) = postSolution
		SolutionGuid = {16BFD841-0478-48B4-8E6A-532049216513}
	EndGlobalSection
EndGlobal
